// !$*UTF8*$!
{
	archiveVersion = 1;
	classes = {
	};
	objectVersion = 46;
	objects = {
/* Begin PBXBuildFile section */
		0207DA581B56EA530066E2B4 /* Images.xcassets in Resources */ = {isa = PBXBuildFile; fileRef = 0207DA571B56EA530066E2B4 /* Images.xcassets */; };
		1D3623260D0F684500981E51 /* AppDelegate.m in Sources */ = {isa = PBXBuildFile; fileRef = 1D3623250D0F684500981E51 /* AppDelegate.m */; };
		1D60589B0D05DD56006BFB54 /* main.m in Sources */ = {isa = PBXBuildFile; fileRef = 29B97316FDCFA39411CA2CEA /* main.m */; };
		301BF552109A68D80062928A /* libCordova.a in Frameworks */ = {isa = PBXBuildFile; fileRef = 301BF535109A57CC0062928A /* libCordova.a */; };
		302D95F114D2391D003F00A1 /* MainViewController.m in Sources */ = {isa = PBXBuildFile; fileRef = 302D95EF14D2391D003F00A1 /* MainViewController.m */; };
		302D95F214D2391D003F00A1 /* MainViewController.xib in Resources */ = {isa = PBXBuildFile; fileRef = 302D95F014D2391D003F00A1 /* MainViewController.xib */; };
		3047A5121AB8059700498E2A /* build-debug.xcconfig in Resources */ = {isa = PBXBuildFile; fileRef = 3047A50F1AB8059700498E2A /* build-debug.xcconfig */; };
		3047A5131AB8059700498E2A /* build-release.xcconfig in Resources */ = {isa = PBXBuildFile; fileRef = 3047A5101AB8059700498E2A /* build-release.xcconfig */; };
		3047A5141AB8059700498E2A /* build.xcconfig in Resources */ = {isa = PBXBuildFile; fileRef = 3047A5111AB8059700498E2A /* build.xcconfig */; };
		7CDB947161AB47E1AA999E27 /* CDVBattery.m in Sources */ = {isa = PBXBuildFile; fileRef = 69A1EA9EFC5A4613AFF0278D /* CDVBattery.m */; };
		1370092D4F5544D98757BF40 /* UIImage+CropScaleOrientation.m in Sources */ = {isa = PBXBuildFile; fileRef = D424A930C69C456DBB39567D /* UIImage+CropScaleOrientation.m */; };
		3CEFAE16A6334D97AE3B75CA /* CDVCamera.m in Sources */ = {isa = PBXBuildFile; fileRef = 422D67E3195A4B6C833A1928 /* CDVCamera.m */; };
		0804571B01FB4A2CBF1E4B3C /* CDVJpegHeaderWriter.m in Sources */ = {isa = PBXBuildFile; fileRef = FCF7D2075C21407C8BE9C19C /* CDVJpegHeaderWriter.m */; };
		E087755E43CB4BED93BAAF14 /* ImageIO.framework in Frameworks */ = {isa = PBXBuildFile; fileRef = F93835019AFD4F96A24D6E93 /* ImageIO.framework */; settings = {ATTRIBUTES = (Weak, ); }; };
		F8170609016D4DE6A0B8F113 /* CoreLocation.framework in Frameworks */ = {isa = PBXBuildFile; fileRef = 7646266FC96A4BD680C0FD4A /* CoreLocation.framework */; };
		43A3B56B01A6483CAB5D571B /* AVFoundation.framework in Frameworks */ = {isa = PBXBuildFile; fileRef = 43E5365E87AD4146A35BEAB4 /* AVFoundation.framework */; };
		C36D5B9DD7024BCE8FFFF9FB /* CDVFile.m in Sources */ = {isa = PBXBuildFile; fileRef = E14E9911B16444C780FD06D0 /* CDVFile.m */; };
		B555C7E9AA0046F1BC723812 /* CDVLocalFilesystem.m in Sources */ = {isa = PBXBuildFile; fileRef = 50944D0A41A343BFAEE77717 /* CDVLocalFilesystem.m */; };
		567FF79B2D994BBEA0BFABF0 /* CDVAssetLibraryFilesystem.m in Sources */ = {isa = PBXBuildFile; fileRef = C39F754C38CD4DB08DF57370 /* CDVAssetLibraryFilesystem.m */; };
		6AB68FBE8B954361B94E7258 /* CDVCapture.m in Sources */ = {isa = PBXBuildFile; fileRef = F840D4320EDD4B03885C2D31 /* CDVCapture.m */; };
		5983E26C44D24873A54C0023 /* CDVCapture.bundle in Resources */ = {isa = PBXBuildFile; fileRef = 9DB28953E0A8430184CF0644 /* CDVCapture.bundle */; };
		3068EB22270E44C2AACE21F2 /* CDVLogger.m in Sources */ = {isa = PBXBuildFile; fileRef = 790F9844EE0C46F5AA7EEBEE /* CDVLogger.m */; };
		2AC229FA9E73433AA68D5234 /* CDVContacts.m in Sources */ = {isa = PBXBuildFile; fileRef = A564C7F0399943928F902F14 /* CDVContacts.m */; };
		ABA512CF6E404E61BD1D07F9 /* CDVContact.m in Sources */ = {isa = PBXBuildFile; fileRef = 4B4D0EFBBCA546CBA342D499 /* CDVContact.m */; };
		5683589E07424233AB67F33B /* AddressBook.framework in Frameworks */ = {isa = PBXBuildFile; fileRef = 0C7F19A7D9F34A438A2F8B7C /* AddressBook.framework */; settings = {ATTRIBUTES = (Weak, ); }; };
		45B4AD398FB54052BD9BA260 /* AddressBookUI.framework in Frameworks */ = {isa = PBXBuildFile; fileRef = 2D7B92455F0040C39A7368FB /* AddressBookUI.framework */; settings = {ATTRIBUTES = (Weak, ); }; };
		82E3A7AEFFC64FAEB9BC91AA /* CDVDevice.m in Sources */ = {isa = PBXBuildFile; fileRef = 777D76EA8EA64CFFB6553A28 /* CDVDevice.m */; };
		FED9AB9FC9E6408F914B4D0E /* CDVAccelerometer.m in Sources */ = {isa = PBXBuildFile; fileRef = 9D86F35D41574630A3340463 /* CDVAccelerometer.m */; };
		FF858EBE7BAF41D9B68BFDBF /* CoreMotion.framework in Frameworks */ = {isa = PBXBuildFile; fileRef = 2F866C4DE99940C8B4ECD29B /* CoreMotion.framework */; };
		BA46964737484C7782DC3DA0 /* CDVCompass.m in Sources */ = {isa = PBXBuildFile; fileRef = 7DB84F4E8F4B4A0CBF828FB6 /* CDVCompass.m */; };
		CC46F9F9E08848C6A8A2E906 /* CDVNotification.m in Sources */ = {isa = PBXBuildFile; fileRef = 77826EE0FF384CF79FA5949E /* CDVNotification.m */; };
		1C10F99406B24D398ADA84E5 /* CDVNotification.bundle in Resources */ = {isa = PBXBuildFile; fileRef = B35A613D588642ECB9E85032 /* CDVNotification.bundle */; };
		C820564292524A0F8C413A98 /* AudioToolbox.framework in Frameworks */ = {isa = PBXBuildFile; fileRef = 09F6D84B8E034E6B9B8DBEB9 /* AudioToolbox.framework */; settings = {ATTRIBUTES = (Weak, ); }; };
		632468A0EE2442C7989346BD /* CDVFileTransfer.m in Sources */ = {isa = PBXBuildFile; fileRef = C26B226CAFB24FD0A76A24E3 /* CDVFileTransfer.m */; };
		CB766548D99F40D09EE66A6B /* CDVLocation.m in Sources */ = {isa = PBXBuildFile; fileRef = EB2A423279064FCD88861D91 /* CDVLocation.m */; };
		D5E8BF02638349C2A17EEBD7 /* CDVGlobalization.m in Sources */ = {isa = PBXBuildFile; fileRef = 552BD3EBCB304CEB92FD8A7D /* CDVGlobalization.m */; };
		ADA7270537844C2789AEAE7D /* CDVInAppBrowser.m in Sources */ = {isa = PBXBuildFile; fileRef = AA32BC4672F8473899025F60 /* CDVInAppBrowser.m */; };
		F518A8F2BBEF4F669E06216B /* CDVSound.m in Sources */ = {isa = PBXBuildFile; fileRef = 437951EB45D149728CCE9A14 /* CDVSound.m */; };
		5B405737BD614BC6915FB000 /* CDVConnection.m in Sources */ = {isa = PBXBuildFile; fileRef = 36DC59C9784B4505896C4A99 /* CDVConnection.m */; };
		4CC96BB8D727472A965016E4 /* CDVReachability.m in Sources */ = {isa = PBXBuildFile; fileRef = 7D03B893738C4F11850E64CF /* CDVReachability.m */; };
		FC56A6BE8B7C42B796CBE5B5 /* SystemConfiguration.framework in Frameworks */ = {isa = PBXBuildFile; fileRef = F16EEE5CD6024450A96FBB41 /* SystemConfiguration.framework */; settings = {ATTRIBUTES = (Weak, ); }; };
		EFE39AC6ECDF4B47AAB90606 /* CoreTelephony.framework in Frameworks */ = {isa = PBXBuildFile; fileRef = BEE6BABA9E42436186C554AE /* CoreTelephony.framework */; };
		3E2DD352B47343DA843D21AE /* CDVSplashScreen.m in Sources */ = {isa = PBXBuildFile; fileRef = AC7C08F388AF49D0A3C2D667 /* CDVSplashScreen.m */; };
		2702861D0DE343599EC7EA17 /* CDVViewController+SplashScreen.m in Sources */ = {isa = PBXBuildFile; fileRef = A598517EE30940AC813EDF70 /* CDVViewController+SplashScreen.m */; };
		94ADB7855AAD48D28CCB587C /* CDVStatusBar.m in Sources */ = {isa = PBXBuildFile; fileRef = 344851B5FD7A4142887C7E7A /* CDVStatusBar.m */; };
		F705AFF128E24C1A91F29BE9 /* CDVVibration.m in Sources */ = {isa = PBXBuildFile; fileRef = 3A7265049FBA4C008F89805F /* CDVVibration.m */; };
		5B0C9D74677542F9950EE2A8 /* AppDelegate+notification.m in Sources */ = {isa = PBXBuildFile; fileRef = 68D46AEC764D4F53927640C0 /* AppDelegate+notification.m */; };
		68DDACA216D54B90A20F305E /* PushPlugin.m in Sources */ = {isa = PBXBuildFile; fileRef = D38C080A8ABD4C42BAC113AA /* PushPlugin.m */; };
		DD1A35AD77304593B8FCF889 /* libGGLCloudMessaging.a in Frameworks */ = {isa = PBXBuildFile; fileRef = 92AA08478F2346F689DD021D /* libGGLCloudMessaging.a */; };
		487D905B626E4375A83E70EB /* libGGLCore.a in Frameworks */ = {isa = PBXBuildFile; fileRef = 803D5C40B4DE4DB087FC9BB0 /* libGGLCore.a */; };
		DC60D7E1FE8644D8A82D2F2B /* libGGLInstanceIDLib.a in Frameworks */ = {isa = PBXBuildFile; fileRef = E7CD853C44374677BF9DFC66 /* libGGLInstanceIDLib.a */; };
		25D3039928344778948381E1 /* libGIP_Reachability.a in Frameworks */ = {isa = PBXBuildFile; fileRef = A417C2AEC51C461A8AB4F7CC /* libGIP_Reachability.a */; };
		C5F38FBF7A1F41CCAE11C6D5 /* libGSDK_Overload.a in Frameworks */ = {isa = PBXBuildFile; fileRef = 04A02DA9A9254E6C94DC67C9 /* libGSDK_Overload.a */; };
		57725C2D1BF248C587F4FB5D /* libGTMSessionFetcher_core.a in Frameworks */ = {isa = PBXBuildFile; fileRef = 33438FD290C54E3E9095337C /* libGTMSessionFetcher_core.a */; };
		0D407D03E2E34CBC9C3E7274 /* libGTMSessionFetcher_full.a in Frameworks */ = {isa = PBXBuildFile; fileRef = 955435D831A44D108931BF87 /* libGTMSessionFetcher_full.a */; };
		762AC95DEEDB4C69B477F70F /* libGTMStackTrace.a in Frameworks */ = {isa = PBXBuildFile; fileRef = 9DCCED9BB9EB4A36A2284602 /* libGTMStackTrace.a */; };
		8E525B638B214B4281AD3241 /* libGTM_AddressBook.a in Frameworks */ = {isa = PBXBuildFile; fileRef = BB1BE438E1CC432E825087BA /* libGTM_AddressBook.a */; };
		C2E75AA5DB0A41C987E23B39 /* libGTM_DebugUtils.a in Frameworks */ = {isa = PBXBuildFile; fileRef = C8298074A944420FA9E5D645 /* libGTM_DebugUtils.a */; };
		C3F44D54061B4B5E8E5F4D5B /* libGTM_GTMURLBuilder.a in Frameworks */ = {isa = PBXBuildFile; fileRef = C60C1394E433437E8F042E99 /* libGTM_GTMURLBuilder.a */; };
		C4DAEFBD748F4D62874EB585 /* libGTM_KVO.a in Frameworks */ = {isa = PBXBuildFile; fileRef = 1B5029D7F1ED4188855F7FB0 /* libGTM_KVO.a */; };
		8E339818572B4B9686B32D74 /* libGTM_NSData+zlib.a in Frameworks */ = {isa = PBXBuildFile; fileRef = B343E01BC02A418ABD37BDEF /* libGTM_NSData+zlib.a */; };
		EF56067990C84D928D8E1E79 /* libGTM_NSDictionary+URLArguments.a in Frameworks */ = {isa = PBXBuildFile; fileRef = 87E0968058874256897F836D /* libGTM_NSDictionary+URLArguments.a */; };
		AFF444FE3E0046379C3C9180 /* libGTM_NSScannerJSON.a in Frameworks */ = {isa = PBXBuildFile; fileRef = 227C7AE76C58450F89998C8B /* libGTM_NSScannerJSON.a */; };
		0DDA38EF3A49435889E07AD6 /* libGTM_NSStringHTML.a in Frameworks */ = {isa = PBXBuildFile; fileRef = F8705DDD338F47B39B1C9A7F /* libGTM_NSStringHTML.a */; };
		A425935EAF6F4926A4408A5E /* libGTM_NSStringXML.a in Frameworks */ = {isa = PBXBuildFile; fileRef = 27A1E73192E9453E86752603 /* libGTM_NSStringXML.a */; };
		5DBB985202364D76AF228613 /* libGTM_Regex.a in Frameworks */ = {isa = PBXBuildFile; fileRef = 9BAE5027F19B4725BDFC060C /* libGTM_Regex.a */; };
		747536583C3448A98934CBC3 /* libGTM_RoundedRectPath.a in Frameworks */ = {isa = PBXBuildFile; fileRef = 155AB0019AAE4D8CBF955864 /* libGTM_RoundedRectPath.a */; };
		E55F3EE975E045DAB3AFDAB3 /* libGTM_StringEncoding.a in Frameworks */ = {isa = PBXBuildFile; fileRef = 8D285AE5F94943D990FCC4A1 /* libGTM_StringEncoding.a */; };
		F0445D01C74C49D099A8BCB3 /* libGTM_SystemVersion.a in Frameworks */ = {isa = PBXBuildFile; fileRef = DA02A8BF99804C6C96D7D776 /* libGTM_SystemVersion.a */; };
		68E52225934340F993672DF5 /* libGTM_UIFont+LineHeight.a in Frameworks */ = {isa = PBXBuildFile; fileRef = BB3654B4C57B447D8EDC2916 /* libGTM_UIFont+LineHeight.a */; };
		61E7A0BE419242A88BC9074A /* libGTM_core.a in Frameworks */ = {isa = PBXBuildFile; fileRef = CF039071363C4644A07AB990 /* libGTM_core.a */; };
		C68EB8B97ED4437BBC8540B6 /* libGTM_iPhone.a in Frameworks */ = {isa = PBXBuildFile; fileRef = 17C173C292A64300A05EBECD /* libGTM_iPhone.a */; };
		AF706973C5F448609FE91798 /* libGcmLib.a in Frameworks */ = {isa = PBXBuildFile; fileRef = 94D0749AFFEB4F0E9CBC8DA4 /* libGcmLib.a */; };
		EC9EF3FFE83E4E3CAA8D6F52 /* libProtocolBuffers.a in Frameworks */ = {isa = PBXBuildFile; fileRef = 11D8DC8A38A3438CA35E6362 /* libProtocolBuffers.a */; };
		90E2107526C0459B8EF0FDAF /* libsqlite3.tbd in Resources */ = {isa = PBXBuildFile; fileRef = 9D22037E2A664766AD55E529 /* libsqlite3.tbd */; };
		E6DDA47280CC4FF5B06D4D01 /* libz.tbd in Resources */ = {isa = PBXBuildFile; fileRef = ACA704F1DB554A7980EDD14C /* libz.tbd */; };
/* End PBXBuildFile section */

/* Begin PBXContainerItemProxy section */
		301BF534109A57CC0062928A /* PBXContainerItemProxy */ = {
			isa = PBXContainerItemProxy;
			containerPortal = 301BF52D109A57CC0062928A /* CordovaLib.xcodeproj */;
			proxyType = 2;
			remoteGlobalIDString = D2AAC07E0554694100DB518D;
			remoteInfo = CordovaLib;
		};
		301BF550109A68C00062928A /* PBXContainerItemProxy */ = {
			isa = PBXContainerItemProxy;
			containerPortal = 301BF52D109A57CC0062928A /* CordovaLib.xcodeproj */;
			proxyType = 1;
			remoteGlobalIDString = D2AAC07D0554694100DB518D;
			remoteInfo = CordovaLib;
		};
/* End PBXContainerItemProxy section */

/* Begin PBXFileReference section */
		0207DA571B56EA530066E2B4 /* Images.xcassets */ = {isa = PBXFileReference; lastKnownFileType = folder.assetcatalog; name = Images.xcassets; path = "AEFESpeak/Images.xcassets"; sourceTree = SOURCE_ROOT; };
		1D3623240D0F684500981E51 /* AppDelegate.h */ = {isa = PBXFileReference; fileEncoding = 4; lastKnownFileType = sourcecode.c.h; path = AppDelegate.h; sourceTree = "<group>"; };
		1D3623250D0F684500981E51 /* AppDelegate.m */ = {isa = PBXFileReference; fileEncoding = 4; lastKnownFileType = sourcecode.c.objc; path = AppDelegate.m; sourceTree = "<group>"; };
		1D6058910D05DD3D006BFB54 /* AEFESpeak.app */ = {isa = PBXFileReference; explicitFileType = wrapper.application; includeInIndex = 0; path = "AEFESpeak.app"; sourceTree = BUILT_PRODUCTS_DIR; };
		29B97316FDCFA39411CA2CEA /* main.m */ = {isa = PBXFileReference; fileEncoding = 4; lastKnownFileType = sourcecode.c.objc; path = main.m; sourceTree = "<group>"; };
		301BF52D109A57CC0062928A /* CordovaLib.xcodeproj */ = {isa = PBXFileReference; lastKnownFileType = "wrapper.pb-project"; name = CordovaLib.xcodeproj; path = CordovaLib/CordovaLib.xcodeproj; sourceTree = "<group>"; };
		301BF56E109A69640062928A /* www */ = {isa = PBXFileReference; lastKnownFileType = folder; path = www; sourceTree = SOURCE_ROOT; };
		302D95EE14D2391D003F00A1 /* MainViewController.h */ = {isa = PBXFileReference; fileEncoding = 4; lastKnownFileType = sourcecode.c.h; path = MainViewController.h; sourceTree = "<group>"; };
		302D95EF14D2391D003F00A1 /* MainViewController.m */ = {isa = PBXFileReference; fileEncoding = 4; lastKnownFileType = sourcecode.c.objc; path = MainViewController.m; sourceTree = "<group>"; };
		302D95F014D2391D003F00A1 /* MainViewController.xib */ = {isa = PBXFileReference; fileEncoding = 4; lastKnownFileType = file.xib; path = MainViewController.xib; sourceTree = "<group>"; };
		3047A50F1AB8059700498E2A /* build-debug.xcconfig */ = {isa = PBXFileReference; fileEncoding = 4; lastKnownFileType = text.xcconfig; name = "build-debug.xcconfig"; path = cordova/build-debug.xcconfig; sourceTree = SOURCE_ROOT; };
		3047A5101AB8059700498E2A /* build-release.xcconfig */ = {isa = PBXFileReference; fileEncoding = 4; lastKnownFileType = text.xcconfig; name = "build-release.xcconfig"; path = cordova/build-release.xcconfig; sourceTree = SOURCE_ROOT; };
		3047A5111AB8059700498E2A /* build.xcconfig */ = {isa = PBXFileReference; fileEncoding = 4; lastKnownFileType = text.xcconfig; name = build.xcconfig; path = cordova/build.xcconfig; sourceTree = SOURCE_ROOT; };
		32CA4F630368D1EE00C91783 /* AEFESpeak-Prefix.pch */ = {isa = PBXFileReference; fileEncoding = 4; lastKnownFileType = sourcecode.c.h; path = "AEFESpeak-Prefix.pch"; sourceTree = "<group>"; };
		8D1107310486CEB800E47090 /* AEFESpeak-Info.plist */ = {isa = PBXFileReference; fileEncoding = 4; lastKnownFileType = text.plist.xml; name = "AEFESpeak-Info.plist"; path = "AEFESpeak/AEFESpeak-Info.plist"; plistStructureDefinitionIdentifier = "com.apple.xcode.plist.structure-definition.iphone.info-plist"; sourceTree = SOURCE_ROOT; };
		EB87FDF31871DA8E0020F90C /* www */ = {isa = PBXFileReference; lastKnownFileType = folder; name = www; path = ../../www; sourceTree = "<group>"; };
		EB87FDF41871DAF40020F90C /* config.xml */ = {isa = PBXFileReference; lastKnownFileType = text.xml; name = config.xml; path = ../../config.xml; sourceTree = "<group>"; };
		F840E1F0165FE0F500CFE078 /* config.xml */ = {isa = PBXFileReference; lastKnownFileType = text.xml; name = config.xml; path = "AEFESpeak/config.xml"; sourceTree = "<group>"; };
		ED33DF2A687741AEAF9F8254 /* Bridging-Header.h */ = {isa = PBXFileReference; fileEncoding = 4; lastKnownFileType = sourcecode.c.h; name = "Bridging-Header.h"; path = "Bridging-Header.h"; sourceTree = "<group>"; };
		69A1EA9EFC5A4613AFF0278D /* CDVBattery.m */ = {isa = PBXFileReference; name = "CDVBattery.m"; path = "cordova-plugin-battery-status/CDVBattery.m"; sourceTree = "<group>"; fileEncoding = 4; lastKnownFileType = sourcecode.c.objc; explicitFileType = undefined; includeInIndex = 0; };
		D0BEFE186CB54E06906CCFB2 /* CDVBattery.h */ = {isa = PBXFileReference; name = "CDVBattery.h"; path = "cordova-plugin-battery-status/CDVBattery.h"; sourceTree = "<group>"; fileEncoding = 4; lastKnownFileType = sourcecode.c.h; explicitFileType = undefined; includeInIndex = 0; };
		D424A930C69C456DBB39567D /* UIImage+CropScaleOrientation.m */ = {isa = PBXFileReference; name = "UIImage+CropScaleOrientation.m"; path = "cordova-plugin-camera/UIImage+CropScaleOrientation.m"; sourceTree = "<group>"; fileEncoding = 4; lastKnownFileType = sourcecode.c.objc; explicitFileType = undefined; includeInIndex = 0; };
		422D67E3195A4B6C833A1928 /* CDVCamera.m */ = {isa = PBXFileReference; name = "CDVCamera.m"; path = "cordova-plugin-camera/CDVCamera.m"; sourceTree = "<group>"; fileEncoding = 4; lastKnownFileType = sourcecode.c.objc; explicitFileType = undefined; includeInIndex = 0; };
		FCF7D2075C21407C8BE9C19C /* CDVJpegHeaderWriter.m */ = {isa = PBXFileReference; name = "CDVJpegHeaderWriter.m"; path = "cordova-plugin-camera/CDVJpegHeaderWriter.m"; sourceTree = "<group>"; fileEncoding = 4; lastKnownFileType = sourcecode.c.objc; explicitFileType = undefined; includeInIndex = 0; };
		D314F3F2F33948258C92D978 /* UIImage+CropScaleOrientation.h */ = {isa = PBXFileReference; name = "UIImage+CropScaleOrientation.h"; path = "cordova-plugin-camera/UIImage+CropScaleOrientation.h"; sourceTree = "<group>"; fileEncoding = 4; lastKnownFileType = sourcecode.c.h; explicitFileType = undefined; includeInIndex = 0; };
		0EBBD1488ED74BA9B0898AF5 /* CDVCamera.h */ = {isa = PBXFileReference; name = "CDVCamera.h"; path = "cordova-plugin-camera/CDVCamera.h"; sourceTree = "<group>"; fileEncoding = 4; lastKnownFileType = sourcecode.c.h; explicitFileType = undefined; includeInIndex = 0; };
		AEF43722A60E4E3BBE8B99DA /* CDVJpegHeaderWriter.h */ = {isa = PBXFileReference; name = "CDVJpegHeaderWriter.h"; path = "cordova-plugin-camera/CDVJpegHeaderWriter.h"; sourceTree = "<group>"; fileEncoding = 4; lastKnownFileType = sourcecode.c.h; explicitFileType = undefined; includeInIndex = 0; };
		6A21212A612049058E6BFBA9 /* CDVExif.h */ = {isa = PBXFileReference; name = "CDVExif.h"; path = "cordova-plugin-camera/CDVExif.h"; sourceTree = "<group>"; fileEncoding = 4; lastKnownFileType = sourcecode.c.h; explicitFileType = undefined; includeInIndex = 0; };
		F93835019AFD4F96A24D6E93 /* ImageIO.framework */ = {isa = PBXFileReference; name = "ImageIO.framework"; path = "System/Library/Frameworks/ImageIO.framework"; sourceTree = SDKROOT; fileEncoding = undefined; lastKnownFileType = wrapper.framework; explicitFileType = undefined; includeInIndex = 0; };
		7646266FC96A4BD680C0FD4A /* CoreLocation.framework */ = {isa = PBXFileReference; name = "CoreLocation.framework"; path = "System/Library/Frameworks/CoreLocation.framework"; sourceTree = SDKROOT; fileEncoding = undefined; lastKnownFileType = wrapper.framework; explicitFileType = undefined; includeInIndex = 0; };
		43E5365E87AD4146A35BEAB4 /* AVFoundation.framework */ = {isa = PBXFileReference; name = "AVFoundation.framework"; path = "System/Library/Frameworks/AVFoundation.framework"; sourceTree = SDKROOT; fileEncoding = undefined; lastKnownFileType = wrapper.framework; explicitFileType = undefined; includeInIndex = 0; };
		E14E9911B16444C780FD06D0 /* CDVFile.m */ = {isa = PBXFileReference; name = "CDVFile.m"; path = "cordova-plugin-file/CDVFile.m"; sourceTree = "<group>"; fileEncoding = 4; lastKnownFileType = sourcecode.c.objc; explicitFileType = undefined; includeInIndex = 0; };
		50944D0A41A343BFAEE77717 /* CDVLocalFilesystem.m */ = {isa = PBXFileReference; name = "CDVLocalFilesystem.m"; path = "cordova-plugin-file/CDVLocalFilesystem.m"; sourceTree = "<group>"; fileEncoding = 4; lastKnownFileType = sourcecode.c.objc; explicitFileType = undefined; includeInIndex = 0; };
		C39F754C38CD4DB08DF57370 /* CDVAssetLibraryFilesystem.m */ = {isa = PBXFileReference; name = "CDVAssetLibraryFilesystem.m"; path = "cordova-plugin-file/CDVAssetLibraryFilesystem.m"; sourceTree = "<group>"; fileEncoding = 4; lastKnownFileType = sourcecode.c.objc; explicitFileType = undefined; includeInIndex = 0; };
		58B2C009D9E04F82A95BA803 /* CDVFile.h */ = {isa = PBXFileReference; name = "CDVFile.h"; path = "cordova-plugin-file/CDVFile.h"; sourceTree = "<group>"; fileEncoding = 4; lastKnownFileType = sourcecode.c.h; explicitFileType = undefined; includeInIndex = 0; };
		1C16E4952AC24894B4977741 /* CDVLocalFilesystem.h */ = {isa = PBXFileReference; name = "CDVLocalFilesystem.h"; path = "cordova-plugin-file/CDVLocalFilesystem.h"; sourceTree = "<group>"; fileEncoding = 4; lastKnownFileType = sourcecode.c.h; explicitFileType = undefined; includeInIndex = 0; };
		42081962D983410F93FAFB84 /* CDVAssetLibraryFilesystem.h */ = {isa = PBXFileReference; name = "CDVAssetLibraryFilesystem.h"; path = "cordova-plugin-file/CDVAssetLibraryFilesystem.h"; sourceTree = "<group>"; fileEncoding = 4; lastKnownFileType = sourcecode.c.h; explicitFileType = undefined; includeInIndex = 0; };
		F840D4320EDD4B03885C2D31 /* CDVCapture.m */ = {isa = PBXFileReference; name = "CDVCapture.m"; path = "cordova-plugin-media-capture/CDVCapture.m"; sourceTree = "<group>"; fileEncoding = 4; lastKnownFileType = sourcecode.c.objc; explicitFileType = undefined; includeInIndex = 0; };
		DFC8455B01FA4C2E8C9B9C58 /* CDVCapture.h */ = {isa = PBXFileReference; name = "CDVCapture.h"; path = "cordova-plugin-media-capture/CDVCapture.h"; sourceTree = "<group>"; fileEncoding = 4; lastKnownFileType = sourcecode.c.h; explicitFileType = undefined; includeInIndex = 0; };
		9DB28953E0A8430184CF0644 /* CDVCapture.bundle */ = {isa = PBXFileReference; name = "CDVCapture.bundle"; path = "CDVCapture.bundle"; sourceTree = "<group>"; fileEncoding = undefined; lastKnownFileType = wrapper.plug-in; explicitFileType = undefined; includeInIndex = 0; };
		790F9844EE0C46F5AA7EEBEE /* CDVLogger.m */ = {isa = PBXFileReference; name = "CDVLogger.m"; path = "cordova-plugin-console/CDVLogger.m"; sourceTree = "<group>"; fileEncoding = 4; lastKnownFileType = sourcecode.c.objc; explicitFileType = undefined; includeInIndex = 0; };
		99C486100BBF4C56AD2FD0D8 /* CDVLogger.h */ = {isa = PBXFileReference; name = "CDVLogger.h"; path = "cordova-plugin-console/CDVLogger.h"; sourceTree = "<group>"; fileEncoding = 4; lastKnownFileType = sourcecode.c.h; explicitFileType = undefined; includeInIndex = 0; };
		A564C7F0399943928F902F14 /* CDVContacts.m */ = {isa = PBXFileReference; name = "CDVContacts.m"; path = "cordova-plugin-contacts/CDVContacts.m"; sourceTree = "<group>"; fileEncoding = 4; lastKnownFileType = sourcecode.c.objc; explicitFileType = undefined; includeInIndex = 0; };
		4B4D0EFBBCA546CBA342D499 /* CDVContact.m */ = {isa = PBXFileReference; name = "CDVContact.m"; path = "cordova-plugin-contacts/CDVContact.m"; sourceTree = "<group>"; fileEncoding = 4; lastKnownFileType = sourcecode.c.objc; explicitFileType = undefined; includeInIndex = 0; };
		0566F85CCF2D4D2EA49555E9 /* CDVContacts.h */ = {isa = PBXFileReference; name = "CDVContacts.h"; path = "cordova-plugin-contacts/CDVContacts.h"; sourceTree = "<group>"; fileEncoding = 4; lastKnownFileType = sourcecode.c.h; explicitFileType = undefined; includeInIndex = 0; };
		64CC08F4455D465EBAFAC264 /* CDVContact.h */ = {isa = PBXFileReference; name = "CDVContact.h"; path = "cordova-plugin-contacts/CDVContact.h"; sourceTree = "<group>"; fileEncoding = 4; lastKnownFileType = sourcecode.c.h; explicitFileType = undefined; includeInIndex = 0; };
		0C7F19A7D9F34A438A2F8B7C /* AddressBook.framework */ = {isa = PBXFileReference; name = "AddressBook.framework"; path = "System/Library/Frameworks/AddressBook.framework"; sourceTree = SDKROOT; fileEncoding = undefined; lastKnownFileType = wrapper.framework; explicitFileType = undefined; includeInIndex = 0; };
		2D7B92455F0040C39A7368FB /* AddressBookUI.framework */ = {isa = PBXFileReference; name = "AddressBookUI.framework"; path = "System/Library/Frameworks/AddressBookUI.framework"; sourceTree = SDKROOT; fileEncoding = undefined; lastKnownFileType = wrapper.framework; explicitFileType = undefined; includeInIndex = 0; };
		777D76EA8EA64CFFB6553A28 /* CDVDevice.m */ = {isa = PBXFileReference; name = "CDVDevice.m"; path = "cordova-plugin-device/CDVDevice.m"; sourceTree = "<group>"; fileEncoding = 4; lastKnownFileType = sourcecode.c.objc; explicitFileType = undefined; includeInIndex = 0; };
		C929F51AB42A4024B0E6A700 /* CDVDevice.h */ = {isa = PBXFileReference; name = "CDVDevice.h"; path = "cordova-plugin-device/CDVDevice.h"; sourceTree = "<group>"; fileEncoding = 4; lastKnownFileType = sourcecode.c.h; explicitFileType = undefined; includeInIndex = 0; };
		9D86F35D41574630A3340463 /* CDVAccelerometer.m */ = {isa = PBXFileReference; name = "CDVAccelerometer.m"; path = "cordova-plugin-device-motion/CDVAccelerometer.m"; sourceTree = "<group>"; fileEncoding = 4; lastKnownFileType = sourcecode.c.objc; explicitFileType = undefined; includeInIndex = 0; };
		C5F66B6D064040DBB3F71C81 /* CDVAccelerometer.h */ = {isa = PBXFileReference; name = "CDVAccelerometer.h"; path = "cordova-plugin-device-motion/CDVAccelerometer.h"; sourceTree = "<group>"; fileEncoding = 4; lastKnownFileType = sourcecode.c.h; explicitFileType = undefined; includeInIndex = 0; };
		2F866C4DE99940C8B4ECD29B /* CoreMotion.framework */ = {isa = PBXFileReference; name = "CoreMotion.framework"; path = "System/Library/Frameworks/CoreMotion.framework"; sourceTree = SDKROOT; fileEncoding = undefined; lastKnownFileType = wrapper.framework; explicitFileType = undefined; includeInIndex = 0; };
		7DB84F4E8F4B4A0CBF828FB6 /* CDVCompass.m */ = {isa = PBXFileReference; name = "CDVCompass.m"; path = "cordova-plugin-device-orientation/CDVCompass.m"; sourceTree = "<group>"; fileEncoding = 4; lastKnownFileType = sourcecode.c.objc; explicitFileType = undefined; includeInIndex = 0; };
		4C280BD39EC24C99A19583FF /* CDVCompass.h */ = {isa = PBXFileReference; name = "CDVCompass.h"; path = "cordova-plugin-device-orientation/CDVCompass.h"; sourceTree = "<group>"; fileEncoding = 4; lastKnownFileType = sourcecode.c.h; explicitFileType = undefined; includeInIndex = 0; };
		77826EE0FF384CF79FA5949E /* CDVNotification.m */ = {isa = PBXFileReference; name = "CDVNotification.m"; path = "cordova-plugin-dialogs/CDVNotification.m"; sourceTree = "<group>"; fileEncoding = 4; lastKnownFileType = sourcecode.c.objc; explicitFileType = undefined; includeInIndex = 0; };
		F49097F7268940F6AEAF0B1D /* CDVNotification.h */ = {isa = PBXFileReference; name = "CDVNotification.h"; path = "cordova-plugin-dialogs/CDVNotification.h"; sourceTree = "<group>"; fileEncoding = 4; lastKnownFileType = sourcecode.c.h; explicitFileType = undefined; includeInIndex = 0; };
		B35A613D588642ECB9E85032 /* CDVNotification.bundle */ = {isa = PBXFileReference; name = "CDVNotification.bundle"; path = "CDVNotification.bundle"; sourceTree = "<group>"; fileEncoding = undefined; lastKnownFileType = wrapper.plug-in; explicitFileType = undefined; includeInIndex = 0; };
		09F6D84B8E034E6B9B8DBEB9 /* AudioToolbox.framework */ = {isa = PBXFileReference; name = "AudioToolbox.framework"; path = "System/Library/Frameworks/AudioToolbox.framework"; sourceTree = SDKROOT; fileEncoding = undefined; lastKnownFileType = wrapper.framework; explicitFileType = undefined; includeInIndex = 0; };
		C26B226CAFB24FD0A76A24E3 /* CDVFileTransfer.m */ = {isa = PBXFileReference; name = "CDVFileTransfer.m"; path = "cordova-plugin-file-transfer/CDVFileTransfer.m"; sourceTree = "<group>"; fileEncoding = 4; lastKnownFileType = sourcecode.c.objc; explicitFileType = undefined; includeInIndex = 0; };
		A4DE7D08821041BD94711BA7 /* CDVFileTransfer.h */ = {isa = PBXFileReference; name = "CDVFileTransfer.h"; path = "cordova-plugin-file-transfer/CDVFileTransfer.h"; sourceTree = "<group>"; fileEncoding = 4; lastKnownFileType = sourcecode.c.h; explicitFileType = undefined; includeInIndex = 0; };
		EB2A423279064FCD88861D91 /* CDVLocation.m */ = {isa = PBXFileReference; name = "CDVLocation.m"; path = "cordova-plugin-geolocation/CDVLocation.m"; sourceTree = "<group>"; fileEncoding = 4; lastKnownFileType = sourcecode.c.objc; explicitFileType = undefined; includeInIndex = 0; };
		653F69D24BF149EE869B6A40 /* CDVLocation.h */ = {isa = PBXFileReference; name = "CDVLocation.h"; path = "cordova-plugin-geolocation/CDVLocation.h"; sourceTree = "<group>"; fileEncoding = 4; lastKnownFileType = sourcecode.c.h; explicitFileType = undefined; includeInIndex = 0; };
		552BD3EBCB304CEB92FD8A7D /* CDVGlobalization.m */ = {isa = PBXFileReference; name = "CDVGlobalization.m"; path = "cordova-plugin-globalization/CDVGlobalization.m"; sourceTree = "<group>"; fileEncoding = 4; lastKnownFileType = sourcecode.c.objc; explicitFileType = undefined; includeInIndex = 0; };
		D46A9309856140599FEABE88 /* CDVGlobalization.h */ = {isa = PBXFileReference; name = "CDVGlobalization.h"; path = "cordova-plugin-globalization/CDVGlobalization.h"; sourceTree = "<group>"; fileEncoding = 4; lastKnownFileType = sourcecode.c.h; explicitFileType = undefined; includeInIndex = 0; };
		AA32BC4672F8473899025F60 /* CDVInAppBrowser.m */ = {isa = PBXFileReference; name = "CDVInAppBrowser.m"; path = "cordova-plugin-inappbrowser/CDVInAppBrowser.m"; sourceTree = "<group>"; fileEncoding = 4; lastKnownFileType = sourcecode.c.objc; explicitFileType = undefined; includeInIndex = 0; };
		C636AAEE8FAE45EC982F9F75 /* CDVInAppBrowser.h */ = {isa = PBXFileReference; name = "CDVInAppBrowser.h"; path = "cordova-plugin-inappbrowser/CDVInAppBrowser.h"; sourceTree = "<group>"; fileEncoding = 4; lastKnownFileType = sourcecode.c.h; explicitFileType = undefined; includeInIndex = 0; };
		437951EB45D149728CCE9A14 /* CDVSound.m */ = {isa = PBXFileReference; name = "CDVSound.m"; path = "cordova-plugin-media/CDVSound.m"; sourceTree = "<group>"; fileEncoding = 4; lastKnownFileType = sourcecode.c.objc; explicitFileType = undefined; includeInIndex = 0; };
		08A2B2AE0EAF483B8D3EE2F7 /* CDVSound.h */ = {isa = PBXFileReference; name = "CDVSound.h"; path = "cordova-plugin-media/CDVSound.h"; sourceTree = "<group>"; fileEncoding = 4; lastKnownFileType = sourcecode.c.h; explicitFileType = undefined; includeInIndex = 0; };
		36DC59C9784B4505896C4A99 /* CDVConnection.m */ = {isa = PBXFileReference; name = "CDVConnection.m"; path = "cordova-plugin-network-information/CDVConnection.m"; sourceTree = "<group>"; fileEncoding = 4; lastKnownFileType = sourcecode.c.objc; explicitFileType = undefined; includeInIndex = 0; };
		7D03B893738C4F11850E64CF /* CDVReachability.m */ = {isa = PBXFileReference; name = "CDVReachability.m"; path = "cordova-plugin-network-information/CDVReachability.m"; sourceTree = "<group>"; fileEncoding = 4; lastKnownFileType = sourcecode.c.objc; explicitFileType = undefined; includeInIndex = 0; };
		C9EDB4516EE8491380A55942 /* CDVConnection.h */ = {isa = PBXFileReference; name = "CDVConnection.h"; path = "cordova-plugin-network-information/CDVConnection.h"; sourceTree = "<group>"; fileEncoding = 4; lastKnownFileType = sourcecode.c.h; explicitFileType = undefined; includeInIndex = 0; };
		FAB4FE6FF04B431FB45D99EC /* CDVReachability.h */ = {isa = PBXFileReference; name = "CDVReachability.h"; path = "cordova-plugin-network-information/CDVReachability.h"; sourceTree = "<group>"; fileEncoding = 4; lastKnownFileType = sourcecode.c.h; explicitFileType = undefined; includeInIndex = 0; };
		F16EEE5CD6024450A96FBB41 /* SystemConfiguration.framework */ = {isa = PBXFileReference; name = "SystemConfiguration.framework"; path = "System/Library/Frameworks/SystemConfiguration.framework"; sourceTree = SDKROOT; fileEncoding = undefined; lastKnownFileType = wrapper.framework; explicitFileType = undefined; includeInIndex = 0; };
		BEE6BABA9E42436186C554AE /* CoreTelephony.framework */ = {isa = PBXFileReference; name = "CoreTelephony.framework"; path = "System/Library/Frameworks/CoreTelephony.framework"; sourceTree = SDKROOT; fileEncoding = undefined; lastKnownFileType = wrapper.framework; explicitFileType = undefined; includeInIndex = 0; };
		AC7C08F388AF49D0A3C2D667 /* CDVSplashScreen.m */ = {isa = PBXFileReference; name = "CDVSplashScreen.m"; path = "cordova-plugin-splashscreen/CDVSplashScreen.m"; sourceTree = "<group>"; fileEncoding = 4; lastKnownFileType = sourcecode.c.objc; explicitFileType = undefined; includeInIndex = 0; };
		A598517EE30940AC813EDF70 /* CDVViewController+SplashScreen.m */ = {isa = PBXFileReference; name = "CDVViewController+SplashScreen.m"; path = "cordova-plugin-splashscreen/CDVViewController+SplashScreen.m"; sourceTree = "<group>"; fileEncoding = 4; lastKnownFileType = sourcecode.c.objc; explicitFileType = undefined; includeInIndex = 0; };
		C29850CD0FA14B049AD4A1E7 /* CDVSplashScreen.h */ = {isa = PBXFileReference; name = "CDVSplashScreen.h"; path = "cordova-plugin-splashscreen/CDVSplashScreen.h"; sourceTree = "<group>"; fileEncoding = 4; lastKnownFileType = sourcecode.c.h; explicitFileType = undefined; includeInIndex = 0; };
		58A3FBD893C9439581270BAC /* CDVViewController+SplashScreen.h */ = {isa = PBXFileReference; name = "CDVViewController+SplashScreen.h"; path = "cordova-plugin-splashscreen/CDVViewController+SplashScreen.h"; sourceTree = "<group>"; fileEncoding = 4; lastKnownFileType = sourcecode.c.h; explicitFileType = undefined; includeInIndex = 0; };
		344851B5FD7A4142887C7E7A /* CDVStatusBar.m */ = {isa = PBXFileReference; name = "CDVStatusBar.m"; path = "cordova-plugin-statusbar/CDVStatusBar.m"; sourceTree = "<group>"; fileEncoding = 4; lastKnownFileType = sourcecode.c.objc; explicitFileType = undefined; includeInIndex = 0; };
		4E303C52E93247BF9EA3F223 /* CDVStatusBar.h */ = {isa = PBXFileReference; name = "CDVStatusBar.h"; path = "cordova-plugin-statusbar/CDVStatusBar.h"; sourceTree = "<group>"; fileEncoding = 4; lastKnownFileType = sourcecode.c.h; explicitFileType = undefined; includeInIndex = 0; };
		3A7265049FBA4C008F89805F /* CDVVibration.m */ = {isa = PBXFileReference; name = "CDVVibration.m"; path = "cordova-plugin-vibration/CDVVibration.m"; sourceTree = "<group>"; fileEncoding = 4; lastKnownFileType = sourcecode.c.objc; explicitFileType = undefined; includeInIndex = 0; };
		1F9ACE65C143463DB9E3C3BD /* CDVVibration.h */ = {isa = PBXFileReference; name = "CDVVibration.h"; path = "cordova-plugin-vibration/CDVVibration.h"; sourceTree = "<group>"; fileEncoding = 4; lastKnownFileType = sourcecode.c.h; explicitFileType = undefined; includeInIndex = 0; };
		68D46AEC764D4F53927640C0 /* AppDelegate+notification.m */ = {isa = PBXFileReference; name = "AppDelegate+notification.m"; path = "phonegap-plugin-push/AppDelegate+notification.m"; sourceTree = "<group>"; fileEncoding = 4; lastKnownFileType = sourcecode.c.objc; explicitFileType = undefined; includeInIndex = 0; };
		D38C080A8ABD4C42BAC113AA /* PushPlugin.m */ = {isa = PBXFileReference; name = "PushPlugin.m"; path = "phonegap-plugin-push/PushPlugin.m"; sourceTree = "<group>"; fileEncoding = 4; lastKnownFileType = sourcecode.c.objc; explicitFileType = undefined; includeInIndex = 0; };
		92AA08478F2346F689DD021D /* libGGLCloudMessaging.a */ = {isa = PBXFileReference; name = "libGGLCloudMessaging.a"; path = "AEFESpeak/Plugins/phonegap-plugin-push/GCM/Libraries/libGGLCloudMessaging.a"; sourceTree = "<group>"; fileEncoding = undefined; lastKnownFileType = archive.ar; explicitFileType = undefined; includeInIndex = 0; };
		803D5C40B4DE4DB087FC9BB0 /* libGGLCore.a */ = {isa = PBXFileReference; name = "libGGLCore.a"; path = "AEFESpeak/Plugins/phonegap-plugin-push/GCM/Libraries/libGGLCore.a"; sourceTree = "<group>"; fileEncoding = undefined; lastKnownFileType = archive.ar; explicitFileType = undefined; includeInIndex = 0; };
		E7CD853C44374677BF9DFC66 /* libGGLInstanceIDLib.a */ = {isa = PBXFileReference; name = "libGGLInstanceIDLib.a"; path = "AEFESpeak/Plugins/phonegap-plugin-push/GCM/Libraries/libGGLInstanceIDLib.a"; sourceTree = "<group>"; fileEncoding = undefined; lastKnownFileType = archive.ar; explicitFileType = undefined; includeInIndex = 0; };
		A417C2AEC51C461A8AB4F7CC /* libGIP_Reachability.a */ = {isa = PBXFileReference; name = "libGIP_Reachability.a"; path = "AEFESpeak/Plugins/phonegap-plugin-push/GCM/Libraries/libGIP_Reachability.a"; sourceTree = "<group>"; fileEncoding = undefined; lastKnownFileType = archive.ar; explicitFileType = undefined; includeInIndex = 0; };
		04A02DA9A9254E6C94DC67C9 /* libGSDK_Overload.a */ = {isa = PBXFileReference; name = "libGSDK_Overload.a"; path = "AEFESpeak/Plugins/phonegap-plugin-push/GCM/Libraries/libGSDK_Overload.a"; sourceTree = "<group>"; fileEncoding = undefined; lastKnownFileType = archive.ar; explicitFileType = undefined; includeInIndex = 0; };
		33438FD290C54E3E9095337C /* libGTMSessionFetcher_core.a */ = {isa = PBXFileReference; name = "libGTMSessionFetcher_core.a"; path = "AEFESpeak/Plugins/phonegap-plugin-push/GCM/Libraries/libGTMSessionFetcher_core.a"; sourceTree = "<group>"; fileEncoding = undefined; lastKnownFileType = archive.ar; explicitFileType = undefined; includeInIndex = 0; };
		955435D831A44D108931BF87 /* libGTMSessionFetcher_full.a */ = {isa = PBXFileReference; name = "libGTMSessionFetcher_full.a"; path = "AEFESpeak/Plugins/phonegap-plugin-push/GCM/Libraries/libGTMSessionFetcher_full.a"; sourceTree = "<group>"; fileEncoding = undefined; lastKnownFileType = archive.ar; explicitFileType = undefined; includeInIndex = 0; };
		9DCCED9BB9EB4A36A2284602 /* libGTMStackTrace.a */ = {isa = PBXFileReference; name = "libGTMStackTrace.a"; path = "AEFESpeak/Plugins/phonegap-plugin-push/GCM/Libraries/libGTMStackTrace.a"; sourceTree = "<group>"; fileEncoding = undefined; lastKnownFileType = archive.ar; explicitFileType = undefined; includeInIndex = 0; };
		BB1BE438E1CC432E825087BA /* libGTM_AddressBook.a */ = {isa = PBXFileReference; name = "libGTM_AddressBook.a"; path = "AEFESpeak/Plugins/phonegap-plugin-push/GCM/Libraries/libGTM_AddressBook.a"; sourceTree = "<group>"; fileEncoding = undefined; lastKnownFileType = archive.ar; explicitFileType = undefined; includeInIndex = 0; };
		C8298074A944420FA9E5D645 /* libGTM_DebugUtils.a */ = {isa = PBXFileReference; name = "libGTM_DebugUtils.a"; path = "AEFESpeak/Plugins/phonegap-plugin-push/GCM/Libraries/libGTM_DebugUtils.a"; sourceTree = "<group>"; fileEncoding = undefined; lastKnownFileType = archive.ar; explicitFileType = undefined; includeInIndex = 0; };
		C60C1394E433437E8F042E99 /* libGTM_GTMURLBuilder.a */ = {isa = PBXFileReference; name = "libGTM_GTMURLBuilder.a"; path = "AEFESpeak/Plugins/phonegap-plugin-push/GCM/Libraries/libGTM_GTMURLBuilder.a"; sourceTree = "<group>"; fileEncoding = undefined; lastKnownFileType = archive.ar; explicitFileType = undefined; includeInIndex = 0; };
		1B5029D7F1ED4188855F7FB0 /* libGTM_KVO.a */ = {isa = PBXFileReference; name = "libGTM_KVO.a"; path = "AEFESpeak/Plugins/phonegap-plugin-push/GCM/Libraries/libGTM_KVO.a"; sourceTree = "<group>"; fileEncoding = undefined; lastKnownFileType = archive.ar; explicitFileType = undefined; includeInIndex = 0; };
		B343E01BC02A418ABD37BDEF /* libGTM_NSData+zlib.a */ = {isa = PBXFileReference; name = "libGTM_NSData+zlib.a"; path = "AEFESpeak/Plugins/phonegap-plugin-push/GCM/Libraries/libGTM_NSData+zlib.a"; sourceTree = "<group>"; fileEncoding = undefined; lastKnownFileType = archive.ar; explicitFileType = undefined; includeInIndex = 0; };
		87E0968058874256897F836D /* libGTM_NSDictionary+URLArguments.a */ = {isa = PBXFileReference; name = "libGTM_NSDictionary+URLArguments.a"; path = "AEFESpeak/Plugins/phonegap-plugin-push/GCM/Libraries/libGTM_NSDictionary+URLArguments.a"; sourceTree = "<group>"; fileEncoding = undefined; lastKnownFileType = archive.ar; explicitFileType = undefined; includeInIndex = 0; };
		227C7AE76C58450F89998C8B /* libGTM_NSScannerJSON.a */ = {isa = PBXFileReference; name = "libGTM_NSScannerJSON.a"; path = "AEFESpeak/Plugins/phonegap-plugin-push/GCM/Libraries/libGTM_NSScannerJSON.a"; sourceTree = "<group>"; fileEncoding = undefined; lastKnownFileType = archive.ar; explicitFileType = undefined; includeInIndex = 0; };
		F8705DDD338F47B39B1C9A7F /* libGTM_NSStringHTML.a */ = {isa = PBXFileReference; name = "libGTM_NSStringHTML.a"; path = "AEFESpeak/Plugins/phonegap-plugin-push/GCM/Libraries/libGTM_NSStringHTML.a"; sourceTree = "<group>"; fileEncoding = undefined; lastKnownFileType = archive.ar; explicitFileType = undefined; includeInIndex = 0; };
		27A1E73192E9453E86752603 /* libGTM_NSStringXML.a */ = {isa = PBXFileReference; name = "libGTM_NSStringXML.a"; path = "AEFESpeak/Plugins/phonegap-plugin-push/GCM/Libraries/libGTM_NSStringXML.a"; sourceTree = "<group>"; fileEncoding = undefined; lastKnownFileType = archive.ar; explicitFileType = undefined; includeInIndex = 0; };
		9BAE5027F19B4725BDFC060C /* libGTM_Regex.a */ = {isa = PBXFileReference; name = "libGTM_Regex.a"; path = "AEFESpeak/Plugins/phonegap-plugin-push/GCM/Libraries/libGTM_Regex.a"; sourceTree = "<group>"; fileEncoding = undefined; lastKnownFileType = archive.ar; explicitFileType = undefined; includeInIndex = 0; };
		155AB0019AAE4D8CBF955864 /* libGTM_RoundedRectPath.a */ = {isa = PBXFileReference; name = "libGTM_RoundedRectPath.a"; path = "AEFESpeak/Plugins/phonegap-plugin-push/GCM/Libraries/libGTM_RoundedRectPath.a"; sourceTree = "<group>"; fileEncoding = undefined; lastKnownFileType = archive.ar; explicitFileType = undefined; includeInIndex = 0; };
		8D285AE5F94943D990FCC4A1 /* libGTM_StringEncoding.a */ = {isa = PBXFileReference; name = "libGTM_StringEncoding.a"; path = "AEFESpeak/Plugins/phonegap-plugin-push/GCM/Libraries/libGTM_StringEncoding.a"; sourceTree = "<group>"; fileEncoding = undefined; lastKnownFileType = archive.ar; explicitFileType = undefined; includeInIndex = 0; };
		DA02A8BF99804C6C96D7D776 /* libGTM_SystemVersion.a */ = {isa = PBXFileReference; name = "libGTM_SystemVersion.a"; path = "AEFESpeak/Plugins/phonegap-plugin-push/GCM/Libraries/libGTM_SystemVersion.a"; sourceTree = "<group>"; fileEncoding = undefined; lastKnownFileType = archive.ar; explicitFileType = undefined; includeInIndex = 0; };
		BB3654B4C57B447D8EDC2916 /* libGTM_UIFont+LineHeight.a */ = {isa = PBXFileReference; name = "libGTM_UIFont+LineHeight.a"; path = "AEFESpeak/Plugins/phonegap-plugin-push/GCM/Libraries/libGTM_UIFont+LineHeight.a"; sourceTree = "<group>"; fileEncoding = undefined; lastKnownFileType = archive.ar; explicitFileType = undefined; includeInIndex = 0; };
		CF039071363C4644A07AB990 /* libGTM_core.a */ = {isa = PBXFileReference; name = "libGTM_core.a"; path = "AEFESpeak/Plugins/phonegap-plugin-push/GCM/Libraries/libGTM_core.a"; sourceTree = "<group>"; fileEncoding = undefined; lastKnownFileType = archive.ar; explicitFileType = undefined; includeInIndex = 0; };
		17C173C292A64300A05EBECD /* libGTM_iPhone.a */ = {isa = PBXFileReference; name = "libGTM_iPhone.a"; path = "AEFESpeak/Plugins/phonegap-plugin-push/GCM/Libraries/libGTM_iPhone.a"; sourceTree = "<group>"; fileEncoding = undefined; lastKnownFileType = archive.ar; explicitFileType = undefined; includeInIndex = 0; };
		94D0749AFFEB4F0E9CBC8DA4 /* libGcmLib.a */ = {isa = PBXFileReference; name = "libGcmLib.a"; path = "AEFESpeak/Plugins/phonegap-plugin-push/GCM/Libraries/libGcmLib.a"; sourceTree = "<group>"; fileEncoding = undefined; lastKnownFileType = archive.ar; explicitFileType = undefined; includeInIndex = 0; };
		11D8DC8A38A3438CA35E6362 /* libProtocolBuffers.a */ = {isa = PBXFileReference; name = "libProtocolBuffers.a"; path = "AEFESpeak/Plugins/phonegap-plugin-push/GCM/Libraries/libProtocolBuffers.a"; sourceTree = "<group>"; fileEncoding = undefined; lastKnownFileType = archive.ar; explicitFileType = undefined; includeInIndex = 0; };
		B658F043B7734A69AE01AB2C /* AppDelegate+notification.h */ = {isa = PBXFileReference; name = "AppDelegate+notification.h"; path = "phonegap-plugin-push/AppDelegate+notification.h"; sourceTree = "<group>"; fileEncoding = 4; lastKnownFileType = sourcecode.c.h; explicitFileType = undefined; includeInIndex = 0; };
		70CE2AC8EEFA43C59EE85DB8 /* PushPlugin.h */ = {isa = PBXFileReference; name = "PushPlugin.h"; path = "phonegap-plugin-push/PushPlugin.h"; sourceTree = "<group>"; fileEncoding = 4; lastKnownFileType = sourcecode.c.h; explicitFileType = undefined; includeInIndex = 0; };
		6130D03A1B8C44B692536F31 /* GGLInstanceID.h */ = {isa = PBXFileReference; name = "GGLInstanceID.h"; path = "phonegap-plugin-push/GCM/Headers/GGLInstanceID.h"; sourceTree = "<group>"; fileEncoding = 4; lastKnownFileType = sourcecode.c.h; explicitFileType = undefined; includeInIndex = 0; };
		1133097B01C64811A215F299 /* GGLInstanceIDConfig.h */ = {isa = PBXFileReference; name = "GGLInstanceIDConfig.h"; path = "phonegap-plugin-push/GCM/Headers/GGLInstanceIDConfig.h"; sourceTree = "<group>"; fileEncoding = 4; lastKnownFileType = sourcecode.c.h; explicitFileType = undefined; includeInIndex = 0; };
		8482B98B91BC4357978D46E2 /* GGLInstanceIDDelegate.h */ = {isa = PBXFileReference; name = "GGLInstanceIDDelegate.h"; path = "phonegap-plugin-push/GCM/Headers/GGLInstanceIDDelegate.h"; sourceTree = "<group>"; fileEncoding = 4; lastKnownFileType = sourcecode.c.h; explicitFileType = undefined; includeInIndex = 0; };
		CBF18088D7AA488F82671C91 /* GGLInstanceIDHeaders.h */ = {isa = PBXFileReference; name = "GGLInstanceIDHeaders.h"; path = "phonegap-plugin-push/GCM/Headers/GGLInstanceIDHeaders.h"; sourceTree = "<group>"; fileEncoding = 4; lastKnownFileType = sourcecode.c.h; explicitFileType = undefined; includeInIndex = 0; };
		07B4FB49A91642BB8B2095BE /* CloudMessaging.h */ = {isa = PBXFileReference; name = "CloudMessaging.h"; path = "phonegap-plugin-push/GCM/Headers/CloudMessaging.h"; sourceTree = "<group>"; fileEncoding = 4; lastKnownFileType = sourcecode.c.h; explicitFileType = undefined; includeInIndex = 0; };
		19A1BB6684104D46A75BD922 /* GGLContext+CloudMessaging.h */ = {isa = PBXFileReference; name = "GGLContext+CloudMessaging.h"; path = "phonegap-plugin-push/GCM/Headers/GGLContext+CloudMessaging.h"; sourceTree = "<group>"; fileEncoding = 4; lastKnownFileType = sourcecode.c.h; explicitFileType = undefined; includeInIndex = 0; };
		90F8F97BF3DE4A20B86562F6 /* Core.h */ = {isa = PBXFileReference; name = "Core.h"; path = "phonegap-plugin-push/GCM/Headers/Core.h"; sourceTree = "<group>"; fileEncoding = 4; lastKnownFileType = sourcecode.c.h; explicitFileType = undefined; includeInIndex = 0; };
		0F45D1FB12E747FE8EF41512 /* GGLConfiguration.h */ = {isa = PBXFileReference; name = "GGLConfiguration.h"; path = "phonegap-plugin-push/GCM/Headers/GGLConfiguration.h"; sourceTree = "<group>"; fileEncoding = 4; lastKnownFileType = sourcecode.c.h; explicitFileType = undefined; includeInIndex = 0; };
		47CABE2DB3F7430B9A610157 /* GGLContext.h */ = {isa = PBXFileReference; name = "GGLContext.h"; path = "phonegap-plugin-push/GCM/Headers/GGLContext.h"; sourceTree = "<group>"; fileEncoding = 4; lastKnownFileType = sourcecode.c.h; explicitFileType = undefined; includeInIndex = 0; };
		23445430622E4C9BB29CECCA /* GGLErrorCode.h */ = {isa = PBXFileReference; name = "GGLErrorCode.h"; path = "phonegap-plugin-push/GCM/Headers/GGLErrorCode.h"; sourceTree = "<group>"; fileEncoding = 4; lastKnownFileType = sourcecode.c.h; explicitFileType = undefined; includeInIndex = 0; };
		C7136A111A8946E5854477CC /* GCMConfig.h */ = {isa = PBXFileReference; name = "GCMConfig.h"; path = "phonegap-plugin-push/GCM/Headers/GCMConfig.h"; sourceTree = "<group>"; fileEncoding = 4; lastKnownFileType = sourcecode.c.h; explicitFileType = undefined; includeInIndex = 0; };
		3642D46DC1884E2F92BDDA1B /* GCMPubSub.h */ = {isa = PBXFileReference; name = "GCMPubSub.h"; path = "phonegap-plugin-push/GCM/Headers/GCMPubSub.h"; sourceTree = "<group>"; fileEncoding = 4; lastKnownFileType = sourcecode.c.h; explicitFileType = undefined; includeInIndex = 0; };
		D06A5C68DDDE4F1FB51AB59F /* GCMReceiverDelegate.h */ = {isa = PBXFileReference; name = "GCMReceiverDelegate.h"; path = "phonegap-plugin-push/GCM/Headers/GCMReceiverDelegate.h"; sourceTree = "<group>"; fileEncoding = 4; lastKnownFileType = sourcecode.c.h; explicitFileType = undefined; includeInIndex = 0; };
		00B8E0A7DBB9473AB77BCDBF /* GCMService.h */ = {isa = PBXFileReference; name = "GCMService.h"; path = "phonegap-plugin-push/GCM/Headers/GCMService.h"; sourceTree = "<group>"; fileEncoding = 4; lastKnownFileType = sourcecode.c.h; explicitFileType = undefined; includeInIndex = 0; };
		49C58D11F74C4C25B2C2AA53 /* GoogleCloudMessaging.h */ = {isa = PBXFileReference; name = "GoogleCloudMessaging.h"; path = "phonegap-plugin-push/GCM/Headers/GoogleCloudMessaging.h"; sourceTree = "<group>"; fileEncoding = 4; lastKnownFileType = sourcecode.c.h; explicitFileType = undefined; includeInIndex = 0; };
		9D22037E2A664766AD55E529 /* libsqlite3.tbd */ = {isa = PBXFileReference; name = "libsqlite3.tbd"; path = "libsqlite3.tbd"; sourceTree = "<group>"; fileEncoding = undefined; lastKnownFileType = unknown; explicitFileType = undefined; includeInIndex = 0; };
		ACA704F1DB554A7980EDD14C /* libz.tbd */ = {isa = PBXFileReference; name = "libz.tbd"; path = "libz.tbd"; sourceTree = "<group>"; fileEncoding = undefined; lastKnownFileType = unknown; explicitFileType = undefined; includeInIndex = 0; };
/* End PBXFileReference section */

/* Begin PBXFrameworksBuildPhase section */
		1D60588F0D05DD3D006BFB54 /* Frameworks */ = {
			isa = PBXFrameworksBuildPhase;
			buildActionMask = 2147483647;
			files = (
				301BF552109A68D80062928A /* libCordova.a in Frameworks */,
				E087755E43CB4BED93BAAF14 /* ImageIO.framework in Frameworks */,
				F8170609016D4DE6A0B8F113 /* CoreLocation.framework in Frameworks */,
				43A3B56B01A6483CAB5D571B /* AVFoundation.framework in Frameworks */,
				5683589E07424233AB67F33B /* AddressBook.framework in Frameworks */,
				45B4AD398FB54052BD9BA260 /* AddressBookUI.framework in Frameworks */,
				FF858EBE7BAF41D9B68BFDBF /* CoreMotion.framework in Frameworks */,
				C820564292524A0F8C413A98 /* AudioToolbox.framework in Frameworks */,
				FC56A6BE8B7C42B796CBE5B5 /* SystemConfiguration.framework in Frameworks */,
				EFE39AC6ECDF4B47AAB90606 /* CoreTelephony.framework in Frameworks */,
				DD1A35AD77304593B8FCF889 /* libGGLCloudMessaging.a in Frameworks */,
				487D905B626E4375A83E70EB /* libGGLCore.a in Frameworks */,
				DC60D7E1FE8644D8A82D2F2B /* libGGLInstanceIDLib.a in Frameworks */,
				25D3039928344778948381E1 /* libGIP_Reachability.a in Frameworks */,
				C5F38FBF7A1F41CCAE11C6D5 /* libGSDK_Overload.a in Frameworks */,
				57725C2D1BF248C587F4FB5D /* libGTMSessionFetcher_core.a in Frameworks */,
				0D407D03E2E34CBC9C3E7274 /* libGTMSessionFetcher_full.a in Frameworks */,
				762AC95DEEDB4C69B477F70F /* libGTMStackTrace.a in Frameworks */,
				8E525B638B214B4281AD3241 /* libGTM_AddressBook.a in Frameworks */,
				C2E75AA5DB0A41C987E23B39 /* libGTM_DebugUtils.a in Frameworks */,
				C3F44D54061B4B5E8E5F4D5B /* libGTM_GTMURLBuilder.a in Frameworks */,
				C4DAEFBD748F4D62874EB585 /* libGTM_KVO.a in Frameworks */,
				8E339818572B4B9686B32D74 /* libGTM_NSData+zlib.a in Frameworks */,
				EF56067990C84D928D8E1E79 /* libGTM_NSDictionary+URLArguments.a in Frameworks */,
				AFF444FE3E0046379C3C9180 /* libGTM_NSScannerJSON.a in Frameworks */,
				0DDA38EF3A49435889E07AD6 /* libGTM_NSStringHTML.a in Frameworks */,
				A425935EAF6F4926A4408A5E /* libGTM_NSStringXML.a in Frameworks */,
				5DBB985202364D76AF228613 /* libGTM_Regex.a in Frameworks */,
				747536583C3448A98934CBC3 /* libGTM_RoundedRectPath.a in Frameworks */,
				E55F3EE975E045DAB3AFDAB3 /* libGTM_StringEncoding.a in Frameworks */,
				F0445D01C74C49D099A8BCB3 /* libGTM_SystemVersion.a in Frameworks */,
				68E52225934340F993672DF5 /* libGTM_UIFont+LineHeight.a in Frameworks */,
				61E7A0BE419242A88BC9074A /* libGTM_core.a in Frameworks */,
				C68EB8B97ED4437BBC8540B6 /* libGTM_iPhone.a in Frameworks */,
				AF706973C5F448609FE91798 /* libGcmLib.a in Frameworks */,
				EC9EF3FFE83E4E3CAA8D6F52 /* libProtocolBuffers.a in Frameworks */,
				90E2107526C0459B8EF0FDAF /* libsqlite3.tbd in Resources */,
				E6DDA47280CC4FF5B06D4D01 /* libz.tbd in Resources */,
			);
			runOnlyForDeploymentPostprocessing = 0;
		};
/* End PBXFrameworksBuildPhase section */

/* Begin PBXGroup section */
		080E96DDFE201D6D7F000001 /* Classes */ = {
			isa = PBXGroup;
			children = (
				302D95EE14D2391D003F00A1 /* MainViewController.h */,
				302D95EF14D2391D003F00A1 /* MainViewController.m */,
				302D95F014D2391D003F00A1 /* MainViewController.xib */,
				1D3623240D0F684500981E51 /* AppDelegate.h */,
				1D3623250D0F684500981E51 /* AppDelegate.m */,
			);
			name = Classes;
			path = "AEFESpeak/Classes";
			sourceTree = SOURCE_ROOT;
		};
		19C28FACFE9D520D11CA2CBB /* Products */ = {
			isa = PBXGroup;
			children = (
				1D6058910D05DD3D006BFB54 /* AEFESpeak.app */,
			);
			name = Products;
			sourceTree = "<group>";
		};
		29B97314FDCFA39411CA2CEA /* CustomTemplate */ = {
			isa = PBXGroup;
			children = (
				EB87FDF41871DAF40020F90C /* config.xml */,
				EB87FDF31871DA8E0020F90C /* www */,
				EB87FDF11871DA420020F90C /* Staging */,
				301BF52D109A57CC0062928A /* CordovaLib.xcodeproj */,
				080E96DDFE201D6D7F000001 /* Classes */,
				307C750510C5A3420062BCA9 /* Plugins */,
				29B97315FDCFA39411CA2CEA /* Other Sources */,
				29B97317FDCFA39411CA2CEA /* Resources */,
				29B97323FDCFA39411CA2CEA /* Frameworks */,
				19C28FACFE9D520D11CA2CBB /* Products */,
			);
			name = CustomTemplate;
			sourceTree = "<group>";
		};
		29B97315FDCFA39411CA2CEA /* Other Sources */ = {
			isa = PBXGroup;
			children = (
				32CA4F630368D1EE00C91783 /* AEFESpeak-Prefix.pch */,
				29B97316FDCFA39411CA2CEA /* main.m */,
				ED33DF2A687741AEAF9F8254 /* Bridging-Header.h */,
			);
			name = "Other Sources";
			path = "AEFESpeak";
			sourceTree = "<group>";
		};
		29B97317FDCFA39411CA2CEA /* Resources */ = {
			isa = PBXGroup;
			children = (
				0207DA571B56EA530066E2B4 /* Images.xcassets */,
				3047A50E1AB8057F00498E2A /* config */,
				8D1107310486CEB800E47090 /* AEFESpeak-Info.plist */,
				9DB28953E0A8430184CF0644 /* CDVCapture.bundle */,
				B35A613D588642ECB9E85032 /* CDVNotification.bundle */,
			);
			name = Resources;
			path = "AEFESpeak/Resources";
			sourceTree = "<group>";
		};
		29B97323FDCFA39411CA2CEA /* Frameworks */ = {
			isa = PBXGroup;
			children = (
				F93835019AFD4F96A24D6E93 /* ImageIO.framework */,
				7646266FC96A4BD680C0FD4A /* CoreLocation.framework */,
				43E5365E87AD4146A35BEAB4 /* AVFoundation.framework */,
				0C7F19A7D9F34A438A2F8B7C /* AddressBook.framework */,
				2D7B92455F0040C39A7368FB /* AddressBookUI.framework */,
				2F866C4DE99940C8B4ECD29B /* CoreMotion.framework */,
				09F6D84B8E034E6B9B8DBEB9 /* AudioToolbox.framework */,
				F16EEE5CD6024450A96FBB41 /* SystemConfiguration.framework */,
				BEE6BABA9E42436186C554AE /* CoreTelephony.framework */,
				92AA08478F2346F689DD021D /* libGGLCloudMessaging.a */,
				803D5C40B4DE4DB087FC9BB0 /* libGGLCore.a */,
				E7CD853C44374677BF9DFC66 /* libGGLInstanceIDLib.a */,
				A417C2AEC51C461A8AB4F7CC /* libGIP_Reachability.a */,
				04A02DA9A9254E6C94DC67C9 /* libGSDK_Overload.a */,
				33438FD290C54E3E9095337C /* libGTMSessionFetcher_core.a */,
				955435D831A44D108931BF87 /* libGTMSessionFetcher_full.a */,
				9DCCED9BB9EB4A36A2284602 /* libGTMStackTrace.a */,
				BB1BE438E1CC432E825087BA /* libGTM_AddressBook.a */,
				C8298074A944420FA9E5D645 /* libGTM_DebugUtils.a */,
				C60C1394E433437E8F042E99 /* libGTM_GTMURLBuilder.a */,
				1B5029D7F1ED4188855F7FB0 /* libGTM_KVO.a */,
				B343E01BC02A418ABD37BDEF /* libGTM_NSData+zlib.a */,
				87E0968058874256897F836D /* libGTM_NSDictionary+URLArguments.a */,
				227C7AE76C58450F89998C8B /* libGTM_NSScannerJSON.a */,
				F8705DDD338F47B39B1C9A7F /* libGTM_NSStringHTML.a */,
				27A1E73192E9453E86752603 /* libGTM_NSStringXML.a */,
				9BAE5027F19B4725BDFC060C /* libGTM_Regex.a */,
				155AB0019AAE4D8CBF955864 /* libGTM_RoundedRectPath.a */,
				8D285AE5F94943D990FCC4A1 /* libGTM_StringEncoding.a */,
				DA02A8BF99804C6C96D7D776 /* libGTM_SystemVersion.a */,
				BB3654B4C57B447D8EDC2916 /* libGTM_UIFont+LineHeight.a */,
				CF039071363C4644A07AB990 /* libGTM_core.a */,
				17C173C292A64300A05EBECD /* libGTM_iPhone.a */,
				94D0749AFFEB4F0E9CBC8DA4 /* libGcmLib.a */,
				11D8DC8A38A3438CA35E6362 /* libProtocolBuffers.a */,
				9D22037E2A664766AD55E529 /* libsqlite3.tbd */,
				ACA704F1DB554A7980EDD14C /* libz.tbd */,
			);
			name = Frameworks;
			sourceTree = "<group>";
		};
		301BF52E109A57CC0062928A /* Products */ = {
			isa = PBXGroup;
			children = (
				301BF535109A57CC0062928A /* libCordova.a */,
			);
			name = Products;
			sourceTree = "<group>";
		};
		3047A50E1AB8057F00498E2A /* config */ = {
			isa = PBXGroup;
			children = (
				3047A50F1AB8059700498E2A /* build-debug.xcconfig */,
				3047A5101AB8059700498E2A /* build-release.xcconfig */,
				3047A5111AB8059700498E2A /* build.xcconfig */,
			);
			name = config;
			sourceTree = "<group>";
		};
		307C750510C5A3420062BCA9 /* Plugins */ = {
			isa = PBXGroup;
			children = (
				69A1EA9EFC5A4613AFF0278D /* CDVBattery.m */,
				D0BEFE186CB54E06906CCFB2 /* CDVBattery.h */,
				D424A930C69C456DBB39567D /* UIImage+CropScaleOrientation.m */,
				422D67E3195A4B6C833A1928 /* CDVCamera.m */,
				FCF7D2075C21407C8BE9C19C /* CDVJpegHeaderWriter.m */,
				D314F3F2F33948258C92D978 /* UIImage+CropScaleOrientation.h */,
				0EBBD1488ED74BA9B0898AF5 /* CDVCamera.h */,
				AEF43722A60E4E3BBE8B99DA /* CDVJpegHeaderWriter.h */,
				6A21212A612049058E6BFBA9 /* CDVExif.h */,
				E14E9911B16444C780FD06D0 /* CDVFile.m */,
				50944D0A41A343BFAEE77717 /* CDVLocalFilesystem.m */,
				C39F754C38CD4DB08DF57370 /* CDVAssetLibraryFilesystem.m */,
				58B2C009D9E04F82A95BA803 /* CDVFile.h */,
				1C16E4952AC24894B4977741 /* CDVLocalFilesystem.h */,
				42081962D983410F93FAFB84 /* CDVAssetLibraryFilesystem.h */,
				F840D4320EDD4B03885C2D31 /* CDVCapture.m */,
				DFC8455B01FA4C2E8C9B9C58 /* CDVCapture.h */,
				790F9844EE0C46F5AA7EEBEE /* CDVLogger.m */,
				99C486100BBF4C56AD2FD0D8 /* CDVLogger.h */,
				A564C7F0399943928F902F14 /* CDVContacts.m */,
				4B4D0EFBBCA546CBA342D499 /* CDVContact.m */,
				0566F85CCF2D4D2EA49555E9 /* CDVContacts.h */,
				64CC08F4455D465EBAFAC264 /* CDVContact.h */,
				777D76EA8EA64CFFB6553A28 /* CDVDevice.m */,
				C929F51AB42A4024B0E6A700 /* CDVDevice.h */,
				9D86F35D41574630A3340463 /* CDVAccelerometer.m */,
				C5F66B6D064040DBB3F71C81 /* CDVAccelerometer.h */,
				7DB84F4E8F4B4A0CBF828FB6 /* CDVCompass.m */,
				4C280BD39EC24C99A19583FF /* CDVCompass.h */,
				77826EE0FF384CF79FA5949E /* CDVNotification.m */,
				F49097F7268940F6AEAF0B1D /* CDVNotification.h */,
				C26B226CAFB24FD0A76A24E3 /* CDVFileTransfer.m */,
				A4DE7D08821041BD94711BA7 /* CDVFileTransfer.h */,
				EB2A423279064FCD88861D91 /* CDVLocation.m */,
				653F69D24BF149EE869B6A40 /* CDVLocation.h */,
				552BD3EBCB304CEB92FD8A7D /* CDVGlobalization.m */,
				D46A9309856140599FEABE88 /* CDVGlobalization.h */,
				AA32BC4672F8473899025F60 /* CDVInAppBrowser.m */,
				C636AAEE8FAE45EC982F9F75 /* CDVInAppBrowser.h */,
				437951EB45D149728CCE9A14 /* CDVSound.m */,
				08A2B2AE0EAF483B8D3EE2F7 /* CDVSound.h */,
				36DC59C9784B4505896C4A99 /* CDVConnection.m */,
				7D03B893738C4F11850E64CF /* CDVReachability.m */,
				C9EDB4516EE8491380A55942 /* CDVConnection.h */,
				FAB4FE6FF04B431FB45D99EC /* CDVReachability.h */,
				AC7C08F388AF49D0A3C2D667 /* CDVSplashScreen.m */,
				A598517EE30940AC813EDF70 /* CDVViewController+SplashScreen.m */,
				C29850CD0FA14B049AD4A1E7 /* CDVSplashScreen.h */,
				58A3FBD893C9439581270BAC /* CDVViewController+SplashScreen.h */,
				344851B5FD7A4142887C7E7A /* CDVStatusBar.m */,
				4E303C52E93247BF9EA3F223 /* CDVStatusBar.h */,
				3A7265049FBA4C008F89805F /* CDVVibration.m */,
				1F9ACE65C143463DB9E3C3BD /* CDVVibration.h */,
				68D46AEC764D4F53927640C0 /* AppDelegate+notification.m */,
				D38C080A8ABD4C42BAC113AA /* PushPlugin.m */,
				B658F043B7734A69AE01AB2C /* AppDelegate+notification.h */,
				70CE2AC8EEFA43C59EE85DB8 /* PushPlugin.h */,
				6130D03A1B8C44B692536F31 /* GGLInstanceID.h */,
				1133097B01C64811A215F299 /* GGLInstanceIDConfig.h */,
				8482B98B91BC4357978D46E2 /* GGLInstanceIDDelegate.h */,
				CBF18088D7AA488F82671C91 /* GGLInstanceIDHeaders.h */,
				07B4FB49A91642BB8B2095BE /* CloudMessaging.h */,
				19A1BB6684104D46A75BD922 /* GGLContext+CloudMessaging.h */,
				90F8F97BF3DE4A20B86562F6 /* Core.h */,
				0F45D1FB12E747FE8EF41512 /* GGLConfiguration.h */,
				47CABE2DB3F7430B9A610157 /* GGLContext.h */,
				23445430622E4C9BB29CECCA /* GGLErrorCode.h */,
				C7136A111A8946E5854477CC /* GCMConfig.h */,
				3642D46DC1884E2F92BDDA1B /* GCMPubSub.h */,
				D06A5C68DDDE4F1FB51AB59F /* GCMReceiverDelegate.h */,
				00B8E0A7DBB9473AB77BCDBF /* GCMService.h */,
				49C58D11F74C4C25B2C2AA53 /* GoogleCloudMessaging.h */,
			);
			name = Plugins;
			path = "AEFESpeak/Plugins";
			sourceTree = SOURCE_ROOT;
		};
		EB87FDF11871DA420020F90C /* Staging */ = {
			isa = PBXGroup;
			children = (
				F840E1F0165FE0F500CFE078 /* config.xml */,
				301BF56E109A69640062928A /* www */,
			);
			name = Staging;
			sourceTree = "<group>";
		};
/* End PBXGroup section */

/* Begin PBXNativeTarget section */
		1D6058900D05DD3D006BFB54 /* AEFESpeak */ = {
			isa = PBXNativeTarget;
			buildConfigurationList = 1D6058960D05DD3E006BFB54 /* Build configuration list for PBXNativeTarget "AEFESpeak" */;
			buildPhases = (
				304B58A110DAC018002A0835 /* Copy www directory */,
				1D60588D0D05DD3D006BFB54 /* Resources */,
				1D60588E0D05DD3D006BFB54 /* Sources */,
				1D60588F0D05DD3D006BFB54 /* Frameworks */,
			);
			buildRules = (
			);
			dependencies = (
				301BF551109A68C00062928A /* PBXTargetDependency */,
			);
			name = "AEFESpeak";
			productName = "AEFESpeak";
			productReference = 1D6058910D05DD3D006BFB54 /* AEFESpeak.app */;
			productType = "com.apple.product-type.application";
		};
/* End PBXNativeTarget section */

/* Begin PBXProject section */
		29B97313FDCFA39411CA2CEA /* Project object */ = {
			isa = PBXProject;
			attributes = {
				LastUpgradeCheck = 510;
			};
			buildConfigurationList = C01FCF4E08A954540054247B /* Build configuration list for PBXProject "__NON-CLI__" */;
			compatibilityVersion = "Xcode 3.2";
			developmentRegion = English;
			hasScannedForEncodings = 1;
			mainGroup = 29B97314FDCFA39411CA2CEA /* CustomTemplate */;
			projectDirPath = "";
			projectReferences = (
				{
					ProductGroup = 301BF52E109A57CC0062928A /* Products */;
					ProjectRef = 301BF52D109A57CC0062928A /* CordovaLib.xcodeproj */;
				},
			);
			projectRoot = "";
			targets = (
				1D6058900D05DD3D006BFB54 /* AEFESpeak */,
			);
		};
/* End PBXProject section */

/* Begin PBXReferenceProxy section */
		301BF535109A57CC0062928A /* libCordova.a */ = {
			isa = PBXReferenceProxy;
			fileType = archive.ar;
			path = libCordova.a;
			remoteRef = 301BF534109A57CC0062928A /* PBXContainerItemProxy */;
			sourceTree = BUILT_PRODUCTS_DIR;
		};
/* End PBXReferenceProxy section */

/* Begin PBXResourcesBuildPhase section */
		1D60588D0D05DD3D006BFB54 /* Resources */ = {
			isa = PBXResourcesBuildPhase;
			buildActionMask = 2147483647;
			files = (
				302D95F214D2391D003F00A1 /* MainViewController.xib in Resources */,
				3047A5131AB8059700498E2A /* build-release.xcconfig in Resources */,
				3047A5141AB8059700498E2A /* build.xcconfig in Resources */,
				0207DA581B56EA530066E2B4 /* Images.xcassets in Resources */,
				3047A5121AB8059700498E2A /* build-debug.xcconfig in Resources */,
				5983E26C44D24873A54C0023 /* CDVCapture.bundle in Resources */,
				1C10F99406B24D398ADA84E5 /* CDVNotification.bundle in Resources */,
			);
			runOnlyForDeploymentPostprocessing = 0;
		};
/* End PBXResourcesBuildPhase section */

/* Begin PBXShellScriptBuildPhase section */
		304B58A110DAC018002A0835 /* Copy www directory */ = {
			isa = PBXShellScriptBuildPhase;
			buildActionMask = 2147483647;
			files = (
			);
			inputPaths = (
			);
			name = "Copy www directory";
			outputPaths = (
			);
			runOnlyForDeploymentPostprocessing = 0;
			shellPath = /bin/sh;
			shellScript = "NODEJS_PATH=/usr/local/bin; NVM_NODE_PATH=~/.nvm/versions/node/`nvm version 2>/dev/null`/bin; N_NODE_PATH=`find /usr/local/n/versions/node/* -maxdepth 0 -type d 2>/dev/null | tail -1`/bin; XCODE_NODE_PATH=`xcode-select --print-path`/usr/share/xcs/Node/bin; PATH=$NODEJS_PATH:$NVM_NODE_PATH:$N_NODE_PATH:$XCODE_NODE_PATH:$PATH && node cordova/lib/copy-www-build-step.js";
			showEnvVarsInLog = 0;
		};
/* End PBXShellScriptBuildPhase section */

/* Begin PBXSourcesBuildPhase section */
		1D60588E0D05DD3D006BFB54 /* Sources */ = {
			isa = PBXSourcesBuildPhase;
			buildActionMask = 2147483647;
			files = (
				1D60589B0D05DD56006BFB54 /* main.m in Sources */,
				1D3623260D0F684500981E51 /* AppDelegate.m in Sources */,
				302D95F114D2391D003F00A1 /* MainViewController.m in Sources */,
				7CDB947161AB47E1AA999E27 /* CDVBattery.m in Sources */,
				1370092D4F5544D98757BF40 /* UIImage+CropScaleOrientation.m in Sources */,
				3CEFAE16A6334D97AE3B75CA /* CDVCamera.m in Sources */,
				0804571B01FB4A2CBF1E4B3C /* CDVJpegHeaderWriter.m in Sources */,
				C36D5B9DD7024BCE8FFFF9FB /* CDVFile.m in Sources */,
				B555C7E9AA0046F1BC723812 /* CDVLocalFilesystem.m in Sources */,
				567FF79B2D994BBEA0BFABF0 /* CDVAssetLibraryFilesystem.m in Sources */,
				6AB68FBE8B954361B94E7258 /* CDVCapture.m in Sources */,
				3068EB22270E44C2AACE21F2 /* CDVLogger.m in Sources */,
				2AC229FA9E73433AA68D5234 /* CDVContacts.m in Sources */,
				ABA512CF6E404E61BD1D07F9 /* CDVContact.m in Sources */,
				82E3A7AEFFC64FAEB9BC91AA /* CDVDevice.m in Sources */,
				FED9AB9FC9E6408F914B4D0E /* CDVAccelerometer.m in Sources */,
				BA46964737484C7782DC3DA0 /* CDVCompass.m in Sources */,
				CC46F9F9E08848C6A8A2E906 /* CDVNotification.m in Sources */,
				632468A0EE2442C7989346BD /* CDVFileTransfer.m in Sources */,
				CB766548D99F40D09EE66A6B /* CDVLocation.m in Sources */,
				D5E8BF02638349C2A17EEBD7 /* CDVGlobalization.m in Sources */,
				ADA7270537844C2789AEAE7D /* CDVInAppBrowser.m in Sources */,
				F518A8F2BBEF4F669E06216B /* CDVSound.m in Sources */,
				5B405737BD614BC6915FB000 /* CDVConnection.m in Sources */,
				4CC96BB8D727472A965016E4 /* CDVReachability.m in Sources */,
				3E2DD352B47343DA843D21AE /* CDVSplashScreen.m in Sources */,
				2702861D0DE343599EC7EA17 /* CDVViewController+SplashScreen.m in Sources */,
				94ADB7855AAD48D28CCB587C /* CDVStatusBar.m in Sources */,
				F705AFF128E24C1A91F29BE9 /* CDVVibration.m in Sources */,
				5B0C9D74677542F9950EE2A8 /* AppDelegate+notification.m in Sources */,
				68DDACA216D54B90A20F305E /* PushPlugin.m in Sources */,
			);
			runOnlyForDeploymentPostprocessing = 0;
		};
/* End PBXSourcesBuildPhase section */

/* Begin PBXTargetDependency section */
		301BF551109A68C00062928A /* PBXTargetDependency */ = {
			isa = PBXTargetDependency;
			name = CordovaLib;
			targetProxy = 301BF550109A68C00062928A /* PBXContainerItemProxy */;
		};
/* End PBXTargetDependency section */

/* Begin XCBuildConfiguration section */
		1D6058940D05DD3E006BFB54 /* Debug */ = {
			isa = XCBuildConfiguration;
			baseConfigurationReference = 3047A50F1AB8059700498E2A /* build-debug.xcconfig */;
			buildSettings = {
				ALWAYS_SEARCH_USER_PATHS = NO;
				ASSETCATALOG_COMPILER_APPICON_NAME = AppIcon;
				ASSETCATALOG_COMPILER_LAUNCHIMAGE_NAME = LaunchImage;
				CLANG_ENABLE_MODULES = YES;
				CLANG_ENABLE_OBJC_ARC = YES;
				COPY_PHASE_STRIP = NO;
				GCC_DYNAMIC_NO_PIC = NO;
				GCC_OPTIMIZATION_LEVEL = 0;
				GCC_PRECOMPILE_PREFIX_HEADER = YES;
				GCC_PREFIX_HEADER = "AEFESpeak/AEFESpeak-Prefix.pch";
				GCC_THUMB_SUPPORT = NO;
				GCC_VERSION = "";
				INFOPLIST_FILE = "AEFESpeak/AEFESpeak-Info.plist";
				LD_RUNPATH_SEARCH_PATHS = "@executable_path/Frameworks";
				PRODUCT_NAME = "AEFESpeak";
				LIBRARY_SEARCH_PATHS = (
					"$(inherited)",
					"\"$(SRCROOT)/AEFESpeak/Plugins/phonegap-plugin-push/GCM/Libraries\"",
					"\"$(SRCROOT)/AEFESpeak/Plugins/phonegap-plugin-push/GCM/Libraries\"",
					"\"$(SRCROOT)/AEFESpeak/Plugins/phonegap-plugin-push/GCM/Libraries\"",
					"\"$(SRCROOT)/AEFESpeak/Plugins/phonegap-plugin-push/GCM/Libraries\"",
					"\"$(SRCROOT)/AEFESpeak/Plugins/phonegap-plugin-push/GCM/Libraries\"",
					"\"$(SRCROOT)/AEFESpeak/Plugins/phonegap-plugin-push/GCM/Libraries\"",
					"\"$(SRCROOT)/AEFESpeak/Plugins/phonegap-plugin-push/GCM/Libraries\"",
					"\"$(SRCROOT)/AEFESpeak/Plugins/phonegap-plugin-push/GCM/Libraries\"",
					"\"$(SRCROOT)/AEFESpeak/Plugins/phonegap-plugin-push/GCM/Libraries\"",
					"\"$(SRCROOT)/AEFESpeak/Plugins/phonegap-plugin-push/GCM/Libraries\"",
					"\"$(SRCROOT)/AEFESpeak/Plugins/phonegap-plugin-push/GCM/Libraries\"",
					"\"$(SRCROOT)/AEFESpeak/Plugins/phonegap-plugin-push/GCM/Libraries\"",
					"\"$(SRCROOT)/AEFESpeak/Plugins/phonegap-plugin-push/GCM/Libraries\"",
					"\"$(SRCROOT)/AEFESpeak/Plugins/phonegap-plugin-push/GCM/Libraries\"",
					"\"$(SRCROOT)/AEFESpeak/Plugins/phonegap-plugin-push/GCM/Libraries\"",
					"\"$(SRCROOT)/AEFESpeak/Plugins/phonegap-plugin-push/GCM/Libraries\"",
					"\"$(SRCROOT)/AEFESpeak/Plugins/phonegap-plugin-push/GCM/Libraries\"",
					"\"$(SRCROOT)/AEFESpeak/Plugins/phonegap-plugin-push/GCM/Libraries\"",
					"\"$(SRCROOT)/AEFESpeak/Plugins/phonegap-plugin-push/GCM/Libraries\"",
					"\"$(SRCROOT)/AEFESpeak/Plugins/phonegap-plugin-push/GCM/Libraries\"",
					"\"$(SRCROOT)/AEFESpeak/Plugins/phonegap-plugin-push/GCM/Libraries\"",
					"\"$(SRCROOT)/AEFESpeak/Plugins/phonegap-plugin-push/GCM/Libraries\"",
					"\"$(SRCROOT)/AEFESpeak/Plugins/phonegap-plugin-push/GCM/Libraries\"",
					"\"$(SRCROOT)/AEFESpeak/Plugins/phonegap-plugin-push/GCM/Libraries\"",
					"\"$(SRCROOT)/AEFESpeak/Plugins/phonegap-plugin-push/GCM/Libraries\"",
					"\"$(SRCROOT)/AEFESpeak/Plugins/phonegap-plugin-push/GCM/Libraries\"",
				);
			};
			name = Debug;
		};
		1D6058950D05DD3E006BFB54 /* Release */ = {
			isa = XCBuildConfiguration;
			baseConfigurationReference = 3047A5101AB8059700498E2A /* build-release.xcconfig */;
			buildSettings = {
				ALWAYS_SEARCH_USER_PATHS = NO;
				ASSETCATALOG_COMPILER_APPICON_NAME = AppIcon;
				ASSETCATALOG_COMPILER_LAUNCHIMAGE_NAME = LaunchImage;
				CLANG_ENABLE_MODULES = YES;
				CLANG_ENABLE_OBJC_ARC = YES;
				COPY_PHASE_STRIP = YES;
				GCC_PRECOMPILE_PREFIX_HEADER = YES;
				GCC_PREFIX_HEADER = "AEFESpeak/AEFESpeak-Prefix.pch";
				GCC_THUMB_SUPPORT = NO;
				GCC_VERSION = "";
				INFOPLIST_FILE = "AEFESpeak/AEFESpeak-Info.plist";
				PRODUCT_NAME = "AEFESpeak";
				LIBRARY_SEARCH_PATHS = (
					"$(inherited)",
					"\"$(SRCROOT)/AEFESpeak/Plugins/phonegap-plugin-push/GCM/Libraries\"",
					"\"$(SRCROOT)/AEFESpeak/Plugins/phonegap-plugin-push/GCM/Libraries\"",
					"\"$(SRCROOT)/AEFESpeak/Plugins/phonegap-plugin-push/GCM/Libraries\"",
					"\"$(SRCROOT)/AEFESpeak/Plugins/phonegap-plugin-push/GCM/Libraries\"",
					"\"$(SRCROOT)/AEFESpeak/Plugins/phonegap-plugin-push/GCM/Libraries\"",
					"\"$(SRCROOT)/AEFESpeak/Plugins/phonegap-plugin-push/GCM/Libraries\"",
					"\"$(SRCROOT)/AEFESpeak/Plugins/phonegap-plugin-push/GCM/Libraries\"",
					"\"$(SRCROOT)/AEFESpeak/Plugins/phonegap-plugin-push/GCM/Libraries\"",
					"\"$(SRCROOT)/AEFESpeak/Plugins/phonegap-plugin-push/GCM/Libraries\"",
					"\"$(SRCROOT)/AEFESpeak/Plugins/phonegap-plugin-push/GCM/Libraries\"",
					"\"$(SRCROOT)/AEFESpeak/Plugins/phonegap-plugin-push/GCM/Libraries\"",
					"\"$(SRCROOT)/AEFESpeak/Plugins/phonegap-plugin-push/GCM/Libraries\"",
					"\"$(SRCROOT)/AEFESpeak/Plugins/phonegap-plugin-push/GCM/Libraries\"",
					"\"$(SRCROOT)/AEFESpeak/Plugins/phonegap-plugin-push/GCM/Libraries\"",
					"\"$(SRCROOT)/AEFESpeak/Plugins/phonegap-plugin-push/GCM/Libraries\"",
					"\"$(SRCROOT)/AEFESpeak/Plugins/phonegap-plugin-push/GCM/Libraries\"",
					"\"$(SRCROOT)/AEFESpeak/Plugins/phonegap-plugin-push/GCM/Libraries\"",
					"\"$(SRCROOT)/AEFESpeak/Plugins/phonegap-plugin-push/GCM/Libraries\"",
					"\"$(SRCROOT)/AEFESpeak/Plugins/phonegap-plugin-push/GCM/Libraries\"",
					"\"$(SRCROOT)/AEFESpeak/Plugins/phonegap-plugin-push/GCM/Libraries\"",
					"\"$(SRCROOT)/AEFESpeak/Plugins/phonegap-plugin-push/GCM/Libraries\"",
					"\"$(SRCROOT)/AEFESpeak/Plugins/phonegap-plugin-push/GCM/Libraries\"",
					"\"$(SRCROOT)/AEFESpeak/Plugins/phonegap-plugin-push/GCM/Libraries\"",
					"\"$(SRCROOT)/AEFESpeak/Plugins/phonegap-plugin-push/GCM/Libraries\"",
					"\"$(SRCROOT)/AEFESpeak/Plugins/phonegap-plugin-push/GCM/Libraries\"",
					"\"$(SRCROOT)/AEFESpeak/Plugins/phonegap-plugin-push/GCM/Libraries\"",
				);
			};
			name = Release;
		};
		C01FCF4F08A954540054247B /* Debug */ = {
			isa = XCBuildConfiguration;
			baseConfigurationReference = 3047A5111AB8059700498E2A /* build.xcconfig */;
			buildSettings = {
				CLANG_ENABLE_MODULES = YES;
				CLANG_ENABLE_OBJC_ARC = YES;
				CLANG_WARN_BOOL_CONVERSION = YES;
				CLANG_WARN_CONSTANT_CONVERSION = YES;
				CLANG_WARN_EMPTY_BODY = YES;
				CLANG_WARN_ENUM_CONVERSION = YES;
				CLANG_WARN_INT_CONVERSION = YES;
				CLANG_WARN__DUPLICATE_METHOD_MATCH = YES;
				GCC_C_LANGUAGE_STANDARD = c99;
				GCC_THUMB_SUPPORT = NO;
				GCC_VERSION = "";
				GCC_WARN_ABOUT_RETURN_TYPE = YES;
				GCC_WARN_UNDECLARED_SELECTOR = YES;
				GCC_WARN_UNINITIALIZED_AUTOS = YES;
				GCC_WARN_UNUSED_FUNCTION = YES;
				GCC_WARN_UNUSED_VARIABLE = YES;
				ONLY_ACTIVE_ARCH = YES;
				SDKROOT = iphoneos;
				SKIP_INSTALL = NO;
			};
			name = Debug;
		};
		C01FCF5008A954540054247B /* Release */ = {
			isa = XCBuildConfiguration;
			baseConfigurationReference = 3047A5111AB8059700498E2A /* build.xcconfig */;
			buildSettings = {
				CLANG_ENABLE_MODULES = YES;
				CLANG_ENABLE_OBJC_ARC = YES;
				CLANG_WARN_BOOL_CONVERSION = YES;
				CLANG_WARN_CONSTANT_CONVERSION = YES;
				CLANG_WARN_EMPTY_BODY = YES;
				CLANG_WARN_ENUM_CONVERSION = YES;
				CLANG_WARN_INT_CONVERSION = YES;
				CLANG_WARN__DUPLICATE_METHOD_MATCH = YES;
				GCC_C_LANGUAGE_STANDARD = c99;
				GCC_THUMB_SUPPORT = NO;
				GCC_VERSION = "";
				GCC_WARN_ABOUT_RETURN_TYPE = YES;
				GCC_WARN_UNDECLARED_SELECTOR = YES;
				GCC_WARN_UNINITIALIZED_AUTOS = YES;
				GCC_WARN_UNUSED_FUNCTION = YES;
				GCC_WARN_UNUSED_VARIABLE = YES;
				SDKROOT = iphoneos;
				SKIP_INSTALL = NO;
			};
			name = Release;
		};
/* End XCBuildConfiguration section */

/* Begin XCConfigurationList section */
		1D6058960D05DD3E006BFB54 /* Build configuration list for PBXNativeTarget "AEFESpeak" */ = {
			isa = XCConfigurationList;
			buildConfigurations = (
				1D6058940D05DD3E006BFB54 /* Debug */,
				1D6058950D05DD3E006BFB54 /* Release */,
			);
			defaultConfigurationIsVisible = 0;
			defaultConfigurationName = Release;
		};
		C01FCF4E08A954540054247B /* Build configuration list for PBXProject "__NON-CLI__" */ = {
			isa = XCConfigurationList;
			buildConfigurations = (
				C01FCF4F08A954540054247B /* Debug */,
				C01FCF5008A954540054247B /* Release */,
			);
			defaultConfigurationIsVisible = 0;
			defaultConfigurationName = Release;
		};
/* End XCConfigurationList section */
	};
	rootObject = 29B97313FDCFA39411CA2CEA /* Project object */;
}
